Microsoft Visual Studio Solution File, Format Version 7.00
Project("{FAE04EC0-301F-11D3-BF4B-00C04F79EFBC}") = "Networking", "Networking.csproj", "{C7C88B66-5662-4671-A1FA-EC824A17E8E4}"
EndProject
Global
	GlobalSection(SolutionConfiguration) = preSolution
		ConfigName.0 = Debug
		ConfigName.1 = Release
	EndGlobalSection
	GlobalSection(ProjectDependencies) = postSolution
	EndGlobalSection
	GlobalSection(ProjectConfiguration) = postSolution
		{C7C88B66-5662-4671-A1FA-EC824A17E8E4}.Debug.ActiveCfg = Debug|.NET
		{C7C88B66-5662-4671-A1FA-EC824A17E8E4}.Debug.Build.0 = Debug|.NET
		{C7C88B66-5662-4671-A1FA-EC824A17E8E4}.Release.ActiveCfg = Release|.NET
		{C7C88B66-5662-4671-A1FA-EC824A17E8E4}.Release.Build.0 = Release|.NET
	EndGlobalSection
	GlobalSection(ExtensibilityGlobals) = postSolution
	EndGlobalSection
	GlobalSection(ExtensibilityAddIns) = postSolution
	EndGlobalSection
EndGlobal
